
Microsoft Visual Studio Solution File, Format Version 12.00
# Visual Studio Version 17
VisualStudioVersion = 17.2.32516.85
MinimumVisualStudioVersion = 10.0.40219.1
Project("{FAE04EC0-301F-11D3-BF4B-00C04F79EFBC}") = "Municipalidad.WebServices", "Municipalidad.WebServices\Municipalidad.WebServices.csproj", "{83B95F77-DDD8-4479-8580-762D3A25A798}"
EndProject
Global
	GlobalSection(SolutionConfigurationPlatforms) = preSolution
		Debug|Any CPU = Debug|Any CPU
		Release|Any CPU = Release|Any CPU
	EndGlobalSection
	GlobalSection(ProjectConfigurationPlatforms) = postSolution
		{83B95F77-DDD8-4479-8580-762D3A25A798}.Debug|Any CPU.ActiveCfg = Debug|Any CPU
		{83B95F77-DDD8-4479-8580-762D3A25A798}.Debug|Any CPU.Build.0 = Debug|Any CPU
		{83B95F77-DDD8-4479-8580-762D3A25A798}.Release|Any CPU.ActiveCfg = Release|Any CPU
		{83B95F77-DDD8-4479-8580-762D3A25A798}.Release|Any CPU.Build.0 = Release|Any CPU
	EndGlobalSection
	GlobalSection(SolutionProperties) = preSolution
		HideSolutionNode = FALSE
	EndGlobalSection
	GlobalSection(ExtensibilityGlobals) = postSolution
		SolutionGuid = {9EEF089D-3086-4CD4-A6A7-088C2C122587}
	EndGlobalSection
EndGlobal
